
Microsoft Visual Studio Solution File, Format Version 12.00
# Visual Studio Version 16
VisualStudioVersion = 16.0.31410.357
MinimumVisualStudioVersion = 10.0.40219.1
Project("{FAE04EC0-301F-11D3-BF4B-00C04F79EFBC}") = "AmazonCollectReviews", "src\AmazonCollectReviews.csproj", "{F8690917-3AB0-4A8A-80FB-62180043A30D}"
EndProject
Global
	GlobalSection(SolutionConfigurationPlatforms) = preSolution
		Debug|Any CPU = Debug|Any CPU
		Release|Any CPU = Release|Any CPU
	EndGlobalSection
	GlobalSection(ProjectConfigurationPlatforms) = postSolution
		{F8690917-3AB0-4A8A-80FB-62180043A30D}.Debug|Any CPU.ActiveCfg = Debug|Any CPU
		{F8690917-3AB0-4A8A-80FB-62180043A30D}.Debug|Any CPU.Build.0 = Debug|Any CPU
		{F8690917-3AB0-4A8A-80FB-62180043A30D}.Release|Any CPU.ActiveCfg = Release|Any CPU
		{F8690917-3AB0-4A8A-80FB-62180043A30D}.Release|Any CPU.Build.0 = Release|Any CPU
	EndGlobalSection
	GlobalSection(SolutionProperties) = preSolution
		HideSolutionNode = FALSE
	EndGlobalSection
	GlobalSection(ExtensibilityGlobals) = postSolution
		SolutionGuid = {D3627689-D3BA-41F8-8CE3-C508ACB3BBC1}
	EndGlobalSection
EndGlobal
